
Microsoft Visual Studio Solution File, Format Version 12.00
# Visual Studio Version 17
VisualStudioVersion = 17.14.36414.22 d17.14
MinimumVisualStudioVersion = 10.0.40219.1
Project("{FAE04EC0-301F-11D3-BF4B-00C04F79EFBC}") = "ClassManager", "ClassManager\ClassManager.csproj", "{997AB689-87CA-4123-96F4-89E41D95F1A0}"
EndProject
Global
	GlobalSection(SolutionConfigurationPlatforms) = preSolution
		Debug|Any CPU = Debug|Any CPU
		Release|Any CPU = Release|Any CPU
	EndGlobalSection
	GlobalSection(ProjectConfigurationPlatforms) = postSolution
		{997AB689-87CA-4123-96F4-89E41D95F1A0}.Debug|Any CPU.ActiveCfg = Debug|Any CPU
		{997AB689-87CA-4123-96F4-89E41D95F1A0}.Debug|Any CPU.Build.0 = Debug|Any CPU
		{997AB689-87CA-4123-96F4-89E41D95F1A0}.Release|Any CPU.ActiveCfg = Release|Any CPU
		{997AB689-87CA-4123-96F4-89E41D95F1A0}.Release|Any CPU.Build.0 = Release|Any CPU
	EndGlobalSection
	GlobalSection(SolutionProperties) = preSolution
		HideSolutionNode = FALSE
	EndGlobalSection
	GlobalSection(ExtensibilityGlobals) = postSolution
		SolutionGuid = {B9EB258D-86A0-42AD-9B2C-003F932E5461}
	EndGlobalSection
EndGlobal
